
Microsoft Visual Studio Solution File, Format Version 12.00
# Visual Studio Version 17
VisualStudioVersion = 17.2.32505.173
MinimumVisualStudioVersion = 10.0.40219.1
Project("{FAE04EC0-301F-11D3-BF4B-00C04F79EFBC}") = "CommandAPI", "CommandAPI\CommandAPI.csproj", "{7828ABC2-132D-4893-B27D-250569C9487A}"
EndProject
Project("{FAE04EC0-301F-11D3-BF4B-00C04F79EFBC}") = "CommandAPI.Tests", "CommandAPI.Tests\CommandAPI.Tests.csproj", "{A6143E59-AD66-45FF-9B74-E1308129B0F5}"
EndProject
Global
	GlobalSection(SolutionConfigurationPlatforms) = preSolution
		Debug|Any CPU = Debug|Any CPU
		Release|Any CPU = Release|Any CPU
	EndGlobalSection
	GlobalSection(ProjectConfigurationPlatforms) = postSolution
		{7828ABC2-132D-4893-B27D-250569C9487A}.Debug|Any CPU.ActiveCfg = Debug|Any CPU
		{7828ABC2-132D-4893-B27D-250569C9487A}.Debug|Any CPU.Build.0 = Debug|Any CPU
		{7828ABC2-132D-4893-B27D-250569C9487A}.Release|Any CPU.ActiveCfg = Release|Any CPU
		{7828ABC2-132D-4893-B27D-250569C9487A}.Release|Any CPU.Build.0 = Release|Any CPU
		{A6143E59-AD66-45FF-9B74-E1308129B0F5}.Debug|Any CPU.ActiveCfg = Debug|Any CPU
		{A6143E59-AD66-45FF-9B74-E1308129B0F5}.Debug|Any CPU.Build.0 = Debug|Any CPU
		{A6143E59-AD66-45FF-9B74-E1308129B0F5}.Release|Any CPU.ActiveCfg = Release|Any CPU
		{A6143E59-AD66-45FF-9B74-E1308129B0F5}.Release|Any CPU.Build.0 = Release|Any CPU
	EndGlobalSection
	GlobalSection(SolutionProperties) = preSolution
		HideSolutionNode = FALSE
	EndGlobalSection
	GlobalSection(ExtensibilityGlobals) = postSolution
		SolutionGuid = {17D22B88-1ADF-481B-AAFC-039C4225F15A}
	EndGlobalSection
EndGlobal
